
Microsoft Visual Studio Solution File, Format Version 12.00
# Visual Studio Version 17
VisualStudioVersion = 17.13.35931.197
MinimumVisualStudioVersion = 10.0.40219.1
Project("{FAE04EC0-301F-11D3-BF4B-00C04F79EFBC}") = "KogamaStudio", "KogamaStudio\KogamaStudio.csproj", "{E4BD08FF-48CF-441C-AB70-C83667F4138F}"
EndProject
Project("{8BC9CEB8-8B4A-11D0-8D11-00A0C91BC942}") = "KogamaStudio-ImGui-Hook", "Universal-Dear-ImGui-Hook\Universal-ImGui-Hook.vcxproj", "{1C015F7C-647E-46E3-855E-614B434116A6}"
EndProject
Project("{FAE04EC0-301F-11D3-BF4B-00C04F79EFBC}") = "TranslateAPI.AppHost", "TranslateAPI\TranslateAPI.AppHost\TranslateAPI.AppHost.csproj", "{C966772D-6F97-4CF8-8050-60AFEBC3014E}"
EndProject
Global
	GlobalSection(SolutionConfigurationPlatforms) = preSolution
		Debug|Any CPU = Debug|Any CPU
		Debug|x64 = Debug|x64
		Debug|x86 = Debug|x86
		Release|Any CPU = Release|Any CPU
		Release|x64 = Release|x64
		Release|x86 = Release|x86
	EndGlobalSection
	GlobalSection(ProjectConfigurationPlatforms) = postSolution
		{E4BD08FF-48CF-441C-AB70-C83667F4138F}.Debug|Any CPU.ActiveCfg = Debug|Any CPU
		{E4BD08FF-48CF-441C-AB70-C83667F4138F}.Debug|Any CPU.Build.0 = Debug|Any CPU
		{E4BD08FF-48CF-441C-AB70-C83667F4138F}.Debug|x64.ActiveCfg = Debug|Any CPU
		{E4BD08FF-48CF-441C-AB70-C83667F4138F}.Debug|x64.Build.0 = Debug|Any CPU
		{E4BD08FF-48CF-441C-AB70-C83667F4138F}.Debug|x86.ActiveCfg = Debug|Any CPU
		{E4BD08FF-48CF-441C-AB70-C83667F4138F}.Debug|x86.Build.0 = Debug|Any CPU
		{E4BD08FF-48CF-441C-AB70-C83667F4138F}.Release|Any CPU.ActiveCfg = Release|Any CPU
		{E4BD08FF-48CF-441C-AB70-C83667F4138F}.Release|Any CPU.Build.0 = Release|Any CPU
		{E4BD08FF-48CF-441C-AB70-C83667F4138F}.Release|x64.ActiveCfg = Release|Any CPU
		{E4BD08FF-48CF-441C-AB70-C83667F4138F}.Release|x64.Build.0 = Release|Any CPU
		{E4BD08FF-48CF-441C-AB70-C83667F4138F}.Release|x86.ActiveCfg = Release|Any CPU
		{E4BD08FF-48CF-441C-AB70-C83667F4138F}.Release|x86.Build.0 = Release|Any CPU
		{1C015F7C-647E-46E3-855E-614B434116A6}.Debug|Any CPU.ActiveCfg = Debug|x64
		{1C015F7C-647E-46E3-855E-614B434116A6}.Debug|Any CPU.Build.0 = Debug|x64
		{1C015F7C-647E-46E3-855E-614B434116A6}.Debug|x64.ActiveCfg = Debug|x64
		{1C015F7C-647E-46E3-855E-614B434116A6}.Debug|x64.Build.0 = Debug|x64
		{1C015F7C-647E-46E3-855E-614B434116A6}.Debug|x86.ActiveCfg = Debug|Win32
		{1C015F7C-647E-46E3-855E-614B434116A6}.Debug|x86.Build.0 = Debug|Win32
		{1C015F7C-647E-46E3-855E-614B434116A6}.Release|Any CPU.ActiveCfg = Release|x64
		{1C015F7C-647E-46E3-855E-614B434116A6}.Release|Any CPU.Build.0 = Release|x64
		{1C015F7C-647E-46E3-855E-614B434116A6}.Release|x64.ActiveCfg = Release|x64
		{1C015F7C-647E-46E3-855E-614B434116A6}.Release|x64.Build.0 = Release|x64
		{1C015F7C-647E-46E3-855E-614B434116A6}.Release|x86.ActiveCfg = Release|Win32
		{1C015F7C-647E-46E3-855E-614B434116A6}.Release|x86.Build.0 = Release|Win32
		{C966772D-6F97-4CF8-8050-60AFEBC3014E}.Debug|Any CPU.ActiveCfg = Debug|Any CPU
		{C966772D-6F97-4CF8-8050-60AFEBC3014E}.Debug|Any CPU.Build.0 = Debug|Any CPU
		{C966772D-6F97-4CF8-8050-60AFEBC3014E}.Debug|x64.ActiveCfg = Debug|Any CPU
		{C966772D-6F97-4CF8-8050-60AFEBC3014E}.Debug|x64.Build.0 = Debug|Any CPU
		{C966772D-6F97-4CF8-8050-60AFEBC3014E}.Debug|x86.ActiveCfg = Debug|Any CPU
		{C966772D-6F97-4CF8-8050-60AFEBC3014E}.Debug|x86.Build.0 = Debug|Any CPU
		{C966772D-6F97-4CF8-8050-60AFEBC3014E}.Release|Any CPU.ActiveCfg = Release|Any CPU
		{C966772D-6F97-4CF8-8050-60AFEBC3014E}.Release|Any CPU.Build.0 = Release|Any CPU
		{C966772D-6F97-4CF8-8050-60AFEBC3014E}.Release|x64.ActiveCfg = Release|Any CPU
		{C966772D-6F97-4CF8-8050-60AFEBC3014E}.Release|x64.Build.0 = Release|Any CPU
		{C966772D-6F97-4CF8-8050-60AFEBC3014E}.Release|x86.ActiveCfg = Release|Any CPU
		{C966772D-6F97-4CF8-8050-60AFEBC3014E}.Release|x86.Build.0 = Release|Any CPU
	EndGlobalSection
	GlobalSection(SolutionProperties) = preSolution
		HideSolutionNode = FALSE
	EndGlobalSection
	GlobalSection(ExtensibilityGlobals) = postSolution
		SolutionGuid = {A998DF89-1416-4EAF-A37C-56D945619F06}
	EndGlobalSection
EndGlobal
